<?xml version="1.0" encoding="utf-8"?>
<Project ToolsVersion="4.0" xmlns="http://schemas.microsoft.com/developer/msbuild/2003">
  <ItemGroup>
    <Filter Include="Source Files">
      <UniqueIdentifier>{4FC737F1-C7A5-4376-A066-2A32D752A2FF}</UniqueIdentifier>
      <Extensions>cpp;c;cc;cxx;c++;cppm;ixx;def;odl;idl;hpj;bat;asm;asmx</Extensions>
    </Filter>
    <Filter Include="Header Files">
      <UniqueIdentifier>{93995380-89BD-4b04-88EB-625FBE52EBFB}</UniqueIdentifier>
      <Extensions>h;hh;hpp;hxx;h++;hm;inl;inc;ipp;xsd</Extensions>
    </Filter>
    <Filter Include="Resource Files">
      <UniqueIdentifier>{67DA6AB6-F800-4c08-8B7A-83BB121AAD01}</UniqueIdentifier>
      <Extensions>rc;ico;cur;bmp;dlg;rc2;rct;bin;rgs;gif;jpg;jpeg;jpe;resx;tiff;tif;png;wav;mfcribbon-ms</Extensions>
    </Filter>
    <Filter Include="Header Files\Lua Extensions">
      <UniqueIdentifier>{89296a1a-98e8-4de8-b1e9-628ab5235808}</UniqueIdentifier>
    </Filter>
    <Filter Include="Header Files\Lua Extensions\Lua">
      <UniqueIdentifier>{9f6035f0-6805-489f-9074-29bcc0ddb4d6}</UniqueIdentifier>
    </Filter>
    <Filter Include="Source Files\Lua Extensions">
      <UniqueIdentifier>{54353dc8-3fe5-47b3-9b0c-b3ec239fe2b9}</UniqueIdentifier>
    </Filter>
    <Filter Include="Header Files\API">
      <UniqueIdentifier>{93785d96-ee06-44db-86ae-59d4226ee68a}</UniqueIdentifier>
    </Filter>
    <Filter Include="Header Files\Custom Shapes">
      <UniqueIdentifier>{5d1eae09-3a2c-4443-9b49-220923f2f1d4}</UniqueIdentifier>
    </Filter>
    <Filter Include="Source Files\Custom Shapes">
      <UniqueIdentifier>{ead63052-4c31-40e1-922a-1711c48e26db}</UniqueIdentifier>
    </Filter>
    <Filter Include="Header Files\API\Objects">
      <UniqueIdentifier>{4d9aaa95-d4ea-4c79-a74e-81eb649cfed5}</UniqueIdentifier>
    </Filter>
    <Filter Include="Source Files\API">
      <UniqueIdentifier>{f15e8474-e9a2-4319-856a-ceedffd202c5}</UniqueIdentifier>
    </Filter>
    <Filter Include="Source Files\API\Objects">
      <UniqueIdentifier>{0f02cd13-eff1-4cb6-88a5-1479edfa61ba}</UniqueIdentifier>
    </Filter>
  </ItemGroup>
  <ItemGroup>
    <ClCompile Include="sources\main.cpp">
      <Filter>Source Files</Filter>
    </ClCompile>
    <ClCompile Include="sources\Script.cpp">
      <Filter>Source Files</Filter>
    </ClCompile>
    <ClCompile Include="sources\misc_functions.cpp">
      <Filter>Source Files</Filter>
    </ClCompile>
    <ClCompile Include="sources\Lua Extensions\LuaStack.cpp">
      <Filter>Source Files\Lua Extensions</Filter>
    </ClCompile>
    <ClCompile Include="sources\Lua Extensions\lua_types.cpp">
      <Filter>Source Files\Lua Extensions</Filter>
    </ClCompile>
    <ClCompile Include="sources\Lua Extensions\lua_extensions.cpp">
      <Filter>Source Files\Lua Extensions</Filter>
    </ClCompile>
    <ClCompile Include="sources\Custom Shapes\SuperEllipse.cpp">
      <Filter>Source Files\Custom Shapes</Filter>
    </ClCompile>
    <ClCompile Include="sources\API\Objects\Vector2.cpp">
      <Filter>Source Files\API\Objects</Filter>
    </ClCompile>
    <ClCompile Include="sources\API\Objects\Color.cpp">
      <Filter>Source Files\API\Objects</Filter>
    </ClCompile>
    <ClCompile Include="sources\API\Objects\Font.cpp">
      <Filter>Source Files\API\Objects</Filter>
    </ClCompile>
  </ItemGroup>
  <ItemGroup>
    <ClInclude Include="headers\Script.hpp">
      <Filter>Header Files</Filter>
    </ClInclude>
    <ClInclude Include="lua\include\lauxlib.h">
      <Filter>Header Files\Lua Extensions\Lua</Filter>
    </ClInclude>
    <ClInclude Include="lua\include\lua.h">
      <Filter>Header Files\Lua Extensions\Lua</Filter>
    </ClInclude>
    <ClInclude Include="lua\include\lua.hpp">
      <Filter>Header Files\Lua Extensions\Lua</Filter>
    </ClInclude>
    <ClInclude Include="lua\include\luaconf.h">
      <Filter>Header Files\Lua Extensions\Lua</Filter>
    </ClInclude>
    <ClInclude Include="lua\include\lualib.h">
      <Filter>Header Files\Lua Extensions\Lua</Filter>
    </ClInclude>
    <ClInclude Include="headers\Lua Extensions\lua_extensions.hpp">
      <Filter>Header Files\Lua Extensions</Filter>
    </ClInclude>
    <ClInclude Include="headers\API\cmath.hpp">
      <Filter>Header Files\API</Filter>
    </ClInclude>
    <ClInclude Include="headers\API\cursor.hpp">
      <Filter>Header Files\API</Filter>
    </ClInclude>
    <ClInclude Include="headers\API\file.hpp">
      <Filter>Header Files\API</Filter>
    </ClInclude>
    <ClInclude Include="headers\API\global_vars.hpp">
      <Filter>Header Files\API</Filter>
    </ClInclude>
    <ClInclude Include="headers\API\keyboard.hpp">
      <Filter>Header Files\API</Filter>
    </ClInclude>
    <ClInclude Include="headers\API\misc.hpp">
      <Filter>Header Files\API</Filter>
    </ClInclude>
    <ClInclude Include="headers\API\mouse.hpp">
      <Filter>Header Files\API</Filter>
    </ClInclude>
    <ClInclude Include="headers\API\render.hpp">
      <Filter>Header Files\API</Filter>
    </ClInclude>
    <ClInclude Include="headers\API\sound.hpp">
      <Filter>Header Files\API</Filter>
    </ClInclude>
    <ClInclude Include="headers\API\view.hpp">
      <Filter>Header Files\API</Filter>
    </ClInclude>
    <ClInclude Include="headers\API\window.hpp">
      <Filter>Header Files\API</Filter>
    </ClInclude>
    <ClInclude Include="headers\misc_functions.hpp">
      <Filter>Header Files</Filter>
    </ClInclude>
    <ClInclude Include="headers\Lua Extensions\LuaStack.hpp">
      <Filter>Header Files\Lua Extensions</Filter>
    </ClInclude>
    <ClInclude Include="headers\Lua Extensions\lua_types.hpp">
      <Filter>Header Files\Lua Extensions</Filter>
    </ClInclude>
    <ClInclude Include="headers\Custom Shapes\SuperEllipse.hpp">
      <Filter>Header Files\Custom Shapes</Filter>
    </ClInclude>
    <ClInclude Include="resources\resource.h">
      <Filter>Resource Files</Filter>
    </ClInclude>
    <ClInclude Include="headers\API\Objects\Vector2.hpp">
      <Filter>Header Files\API\Objects</Filter>
    </ClInclude>
    <ClInclude Include="headers\API\Objects\Color.hpp">
      <Filter>Header Files\API\Objects</Filter>
    </ClInclude>
    <ClInclude Include="headers\API\Objects\Font.hpp">
      <Filter>Header Files\API\Objects</Filter>
    </ClInclude>
  </ItemGroup>
  <ItemGroup>
    <ResourceCompile Include="resources\Script loader.rc">
      <Filter>Resource Files</Filter>
    </ResourceCompile>
  </ItemGroup>
  <ItemGroup>
    <Image Include="resources\icon.ico">
      <Filter>Resource Files</Filter>
    </Image>
  </ItemGroup>
</Project>